
Microsoft Visual Studio Solution File, Format Version 12.00
# Visual Studio 15
VisualStudioVersion = 15.0.27703.2000
MinimumVisualStudioVersion = 10.0.40219.1
Project("{FAE04EC0-301F-11D3-BF4B-00C04F79EFBC}") = "SuggestionBox", "SuggestionBox\SuggestionBox.csproj", "{CE5232FB-786F-49B1-8D59-ED75D8D5B14A}"
EndProject
Global
	GlobalSection(SolutionConfigurationPlatforms) = preSolution
		Debug|Any CPU = Debug|Any CPU
		Release|Any CPU = Release|Any CPU
	EndGlobalSection
	GlobalSection(ProjectConfigurationPlatforms) = postSolution
		{CE5232FB-786F-49B1-8D59-ED75D8D5B14A}.Debug|Any CPU.ActiveCfg = Debug|Any CPU
		{CE5232FB-786F-49B1-8D59-ED75D8D5B14A}.Debug|Any CPU.Build.0 = Debug|Any CPU
		{CE5232FB-786F-49B1-8D59-ED75D8D5B14A}.Release|Any CPU.ActiveCfg = Release|Any CPU
		{CE5232FB-786F-49B1-8D59-ED75D8D5B14A}.Release|Any CPU.Build.0 = Release|Any CPU
	EndGlobalSection
	GlobalSection(SolutionProperties) = preSolution
		HideSolutionNode = FALSE
	EndGlobalSection
	GlobalSection(ExtensibilityGlobals) = postSolution
		SolutionGuid = {2DF53CB5-8FBF-4539-BDC2-C5256B379CF9}
	EndGlobalSection
EndGlobal
